// !$*UTF8*$!
{
	archiveVersion = 1;
	classes = {
	};
	objectVersion = 56;
	objects = {

/* Begin PBXBuildFile section */
		D64FDC012C39F12200D54B06 /* AppDelegate.swift in Sources */ = {isa = PBXBuildFile; fileRef = D64FDC002C39F12200D54B06 /* AppDelegate.swift */; };
		D64FDC052C39F12200D54B06 /* NTRIPViewController.swift in Sources */ = {isa = PBXBuildFile; fileRef = D64FDC042C39F12200D54B06 /* NTRIPViewController.swift */; };
		D64FDC0A2C39F12300D54B06 /* Assets.xcassets in Resources */ = {isa = PBXBuildFile; fileRef = D64FDC092C39F12300D54B06 /* Assets.xcassets */; };
		D64FDC0D2C39F12300D54B06 /* Base in Resources */ = {isa = PBXBuildFile; fileRef = D64FDC0C2C39F12300D54B06 /* Base */; };
		D66773A02C3CBBFE000AA5D3 /* NtripHandler.swift in Sources */ = {isa = PBXBuildFile; fileRef = D667739F2C3CBBFE000AA5D3 /* NtripHandler.swift */; };
		D6AADC412C3AE96F004A2261 /* MountPointViewController.swift in Sources */ = {isa = PBXBuildFile; fileRef = D6AADC402C3AE96F004A2261 /* MountPointViewController.swift */; };
/* End PBXBuildFile section */

/* Begin PBXFileReference section */
		D64FDBFD2C39F12200D54B06 /* NTRIP.app */ = {isa = PBXFileReference; explicitFileType = wrapper.application; includeInIndex = 0; path = NTRIP.app; sourceTree = BUILT_PRODUCTS_DIR; };
		D64FDC002C39F12200D54B06 /* AppDelegate.swift */ = {isa = PBXFileReference; lastKnownFileType = sourcecode.swift; path = AppDelegate.swift; sourceTree = "<group>"; };
		D64FDC042C39F12200D54B06 /* NTRIPViewController.swift */ = {isa = PBXFileReference; lastKnownFileType = sourcecode.swift; path = NTRIPViewController.swift; sourceTree = "<group>"; };
		D64FDC092C39F12300D54B06 /* Assets.xcassets */ = {isa = PBXFileReference; lastKnownFileType = folder.assetcatalog; path = Assets.xcassets; sourceTree = "<group>"; };
		D64FDC0C2C39F12300D54B06 /* Base */ = {isa = PBXFileReference; lastKnownFileType = file.storyboard; name = Base; path = Base.lproj/LaunchScreen.storyboard; sourceTree = "<group>"; };
		D64FDC0E2C39F12300D54B06 /* Info.plist */ = {isa = PBXFileReference; lastKnownFileType = text.plist.xml; path = Info.plist; sourceTree = "<group>"; };
		D667739F2C3CBBFE000AA5D3 /* NtripHandler.swift */ = {isa = PBXFileReference; lastKnownFileType = sourcecode.swift; path = NtripHandler.swift; sourceTree = "<group>"; };
		D6AADC402C3AE96F004A2261 /* MountPointViewController.swift */ = {isa = PBXFileReference; lastKnownFileType = sourcecode.swift; path = MountPointViewController.swift; sourceTree = "<group>"; };
/* End PBXFileReference section */

/* Begin PBXFrameworksBuildPhase section */
		D64FDBFA2C39F12200D54B06 /* Frameworks */ = {
			isa = PBXFrameworksBuildPhase;
			buildActionMask = 2147483647;
			files = (
			);
			runOnlyForDeploymentPostprocessing = 0;
		};
/* End PBXFrameworksBuildPhase section */

/* Begin PBXGroup section */
		D64FDBF42C39F12200D54B06 = {
			isa = PBXGroup;
			children = (
				D64FDBFF2C39F12200D54B06 /* NTRIP */,
				D64FDBFE2C39F12200D54B06 /* Products */,
			);
			sourceTree = "<group>";
		};
		D64FDBFE2C39F12200D54B06 /* Products */ = {
			isa = PBXGroup;
			children = (
				D64FDBFD2C39F12200D54B06 /* NTRIP.app */,
			);
			name = Products;
			sourceTree = "<group>";
		};
		D64FDBFF2C39F12200D54B06 /* NTRIP */ = {
			isa = PBXGroup;
			children = (
				D64FDC152C39F31C00D54B06 /* NTRIP */,
				D64FDC142C39F2DC00D54B06 /* Files */,
			);
			path = NTRIP;
			sourceTree = "<group>";
		};
		D64FDC142C39F2DC00D54B06 /* Files */ = {
			isa = PBXGroup;
			children = (
				D64FDC092C39F12300D54B06 /* Assets.xcassets */,
				D64FDC0B2C39F12300D54B06 /* LaunchScreen.storyboard */,
				D64FDC0E2C39F12300D54B06 /* Info.plist */,
			);
			name = Files;
			sourceTree = "<group>";
		};
		D64FDC152C39F31C00D54B06 /* NTRIP */ = {
			isa = PBXGroup;
			children = (
				D64FDC002C39F12200D54B06 /* AppDelegate.swift */,
				D64FDC042C39F12200D54B06 /* NTRIPViewController.swift */,
				D6AADC402C3AE96F004A2261 /* MountPointViewController.swift */,
				D667739F2C3CBBFE000AA5D3 /* NtripHandler.swift */,
			);
			path = NTRIP;
			sourceTree = "<group>";
		};
/* End PBXGroup section */

/* Begin PBXNativeTarget section */
		D64FDBFC2C39F12200D54B06 /* NTRIP */ = {
			isa = PBXNativeTarget;
			buildConfigurationList = D64FDC112C39F12300D54B06 /* Build configuration list for PBXNativeTarget "NTRIP" */;
			buildPhases = (
				D64FDBF92C39F12200D54B06 /* Sources */,
				D64FDBFA2C39F12200D54B06 /* Frameworks */,
				D64FDBFB2C39F12200D54B06 /* Resources */,
			);
			buildRules = (
			);
			dependencies = (
			);
			name = NTRIP;
			productName = NTRIP;
			productReference = D64FDBFD2C39F12200D54B06 /* NTRIP.app */;
			productType = "com.apple.product-type.application";
		};
/* End PBXNativeTarget section */

/* Begin PBXProject section */
		D64FDBF52C39F12200D54B06 /* Project object */ = {
			isa = PBXProject;
			attributes = {
				BuildIndependentTargetsInParallel = 1;
				LastSwiftUpdateCheck = 1530;
				LastUpgradeCheck = 1530;
				TargetAttributes = {
					D64FDBFC2C39F12200D54B06 = {
						CreatedOnToolsVersion = 15.3;
					};
				};
			};
			buildConfigurationList = D64FDBF82C39F12200D54B06 /* Build configuration list for PBXProject "NTRIP" */;
			compatibilityVersion = "Xcode 14.0";
			developmentRegion = en;
			hasScannedForEncodings = 0;
			knownRegions = (
				en,
				Base,
			);
			mainGroup = D64FDBF42C39F12200D54B06;
			productRefGroup = D64FDBFE2C39F12200D54B06 /* Products */;
			projectDirPath = "";
			projectRoot = "";
			targets = (
				D64FDBFC2C39F12200D54B06 /* NTRIP */,
			);
		};
/* End PBXProject section */

/* Begin PBXResourcesBuildPhase section */
		D64FDBFB2C39F12200D54B06 /* Resources */ = {
			isa = PBXResourcesBuildPhase;
			buildActionMask = 2147483647;
			files = (
				D64FDC0A2C39F12300D54B06 /* Assets.xcassets in Resources */,
				D64FDC0D2C39F12300D54B06 /* Base in Resources */,
			);
			runOnlyForDeploymentPostprocessing = 0;
		};
/* End PBXResourcesBuildPhase section */

/* Begin PBXSourcesBuildPhase section */
		D64FDBF92C39F12200D54B06 /* Sources */ = {
			isa = PBXSourcesBuildPhase;
			buildActionMask = 2147483647;
			files = (
				D66773A02C3CBBFE000AA5D3 /* NtripHandler.swift in Sources */,
				D64FDC052C39F12200D54B06 /* NTRIPViewController.swift in Sources */,
				D64FDC012C39F12200D54B06 /* AppDelegate.swift in Sources */,
				D6AADC412C3AE96F004A2261 /* MountPointViewController.swift in Sources */,
			);
			runOnlyForDeploymentPostprocessing = 0;
		};
/* End PBXSourcesBuildPhase section */

/* Begin PBXVariantGroup section */
		D64FDC0B2C39F12300D54B06 /* LaunchScreen.storyboard */ = {
			isa = PBXVariantGroup;
			children = (
				D64FDC0C2C39F12300D54B06 /* Base */,
			);
			name = LaunchScreen.storyboard;
			sourceTree = "<group>";
		};
/* End PBXVariantGroup section */

/* Begin XCBuildConfiguration section */
		D64FDC0F2C39F12300D54B06 /* Debug */ = {
			isa = XCBuildConfiguration;
			buildSettings = {
				ALWAYS_SEARCH_USER_PATHS = NO;
				ASSETCATALOG_COMPILER_GENERATE_SWIFT_ASSET_SYMBOL_EXTENSIONS = YES;
				CLANG_ANALYZER_NONNULL = YES;
				CLANG_ANALYZER_NUMBER_OBJECT_CONVERSION = YES_AGGRESSIVE;
				CLANG_CXX_LANGUAGE_STANDARD = "gnu++20";
				CLANG_ENABLE_MODULES = YES;
				CLANG_ENABLE_OBJC_ARC = YES;
				CLANG_ENABLE_OBJC_WEAK = YES;
				CLANG_WARN_BLOCK_CAPTURE_AUTORELEASING = YES;
				CLANG_WARN_BOOL_CONVERSION = YES;
				CLANG_WARN_COMMA = YES;
				CLANG_WARN_CONSTANT_CONVERSION = YES;
				CLANG_WARN_DEPRECATED_OBJC_IMPLEMENTATIONS = YES;
				CLANG_WARN_DIRECT_OBJC_ISA_USAGE = YES_ERROR;
				CLANG_WARN_DOCUMENTATION_COMMENTS = YES;
				CLANG_WARN_EMPTY_BODY = YES;
				CLANG_WARN_ENUM_CONVERSION = YES;
				CLANG_WARN_INFINITE_RECURSION = YES;
				CLANG_WARN_INT_CONVERSION = YES;
				CLANG_WARN_NON_LITERAL_NULL_CONVERSION = YES;
				CLANG_WARN_OBJC_IMPLICIT_RETAIN_SELF = YES;
				CLANG_WARN_OBJC_LITERAL_CONVERSION = YES;
				CLANG_WARN_OBJC_ROOT_CLASS = YES_ERROR;
				CLANG_WARN_QUOTED_INCLUDE_IN_FRAMEWORK_HEADER = YES;
				CLANG_WARN_RANGE_LOOP_ANALYSIS = YES;
				CLANG_WARN_STRICT_PROTOTYPES = YES;
				CLANG_WARN_SUSPICIOUS_MOVE = YES;
				CLANG_WARN_UNGUARDED_AVAILABILITY = YES_AGGRESSIVE;
				CLANG_WARN_UNREACHABLE_CODE = YES;
				CLANG_WARN__DUPLICATE_METHOD_MATCH = YES;
				COPY_PHASE_STRIP = NO;
				DEBUG_INFORMATION_FORMAT = dwarf;
				ENABLE_STRICT_OBJC_MSGSEND = YES;
				ENABLE_TESTABILITY = YES;
				ENABLE_USER_SCRIPT_SANDBOXING = YES;
				GCC_C_LANGUAGE_STANDARD = gnu17;
				GCC_DYNAMIC_NO_PIC = NO;
				GCC_NO_COMMON_BLOCKS = YES;
				GCC_OPTIMIZATION_LEVEL = 0;
				GCC_PREPROCESSOR_DEFINITIONS = (
					"DEBUG=1",
					"$(inherited)",
				);
				GCC_WARN_64_TO_32_BIT_CONVERSION = YES;
				GCC_WARN_ABOUT_RETURN_TYPE = YES_ERROR;
				GCC_WARN_UNDECLARED_SELECTOR = YES;
				GCC_WARN_UNINITIALIZED_AUTOS = YES_AGGRESSIVE;
				GCC_WARN_UNUSED_FUNCTION = YES;
				GCC_WARN_UNUSED_VARIABLE = YES;
				IPHONEOS_DEPLOYMENT_TARGET = 17.4;
				LOCALIZATION_PREFERS_STRING_CATALOGS = YES;
				MTL_ENABLE_DEBUG_INFO = INCLUDE_SOURCE;
				MTL_FAST_MATH = YES;
				ONLY_ACTIVE_ARCH = YES;
				SDKROOT = iphoneos;
				SWIFT_ACTIVE_COMPILATION_CONDITIONS = "DEBUG $(inherited)";
				SWIFT_OPTIMIZATION_LEVEL = "-Onone";
			};
			name = Debug;
		};
		D64FDC102C39F12300D54B06 /* Release */ = {
			isa = XCBuildConfiguration;
			buildSettings = {
				ALWAYS_SEARCH_USER_PATHS = NO;
				ASSETCATALOG_COMPILER_GENERATE_SWIFT_ASSET_SYMBOL_EXTENSIONS = YES;
				CLANG_ANALYZER_NONNULL = YES;
				CLANG_ANALYZER_NUMBER_OBJECT_CONVERSION = YES_AGGRESSIVE;
				CLANG_CXX_LANGUAGE_STANDARD = "gnu++20";
				CLANG_ENABLE_MODULES = YES;
				CLANG_ENABLE_OBJC_ARC = YES;
				CLANG_ENABLE_OBJC_WEAK = YES;
				CLANG_WARN_BLOCK_CAPTURE_AUTORELEASING = YES;
				CLANG_WARN_BOOL_CONVERSION = YES;
				CLANG_WARN_COMMA = YES;
				CLANG_WARN_CONSTANT_CONVERSION = YES;
				CLANG_WARN_DEPRECATED_OBJC_IMPLEMENTATIONS = YES;
				CLANG_WARN_DIRECT_OBJC_ISA_USAGE = YES_ERROR;
				CLANG_WARN_DOCUMENTATION_COMMENTS = YES;
				CLANG_WARN_EMPTY_BODY = YES;
				CLANG_WARN_ENUM_CONVERSION = YES;
				CLANG_WARN_INFINITE_RECURSION = YES;
				CLANG_WARN_INT_CONVERSION = YES;
				CLANG_WARN_NON_LITERAL_NULL_CONVERSION = YES;
				CLANG_WARN_OBJC_IMPLICIT_RETAIN_SELF = YES;
				CLANG_WARN_OBJC_LITERAL_CONVERSION = YES;
				CLANG_WARN_OBJC_ROOT_CLASS = YES_ERROR;
				CLANG_WARN_QUOTED_INCLUDE_IN_FRAMEWORK_HEADER = YES;
				CLANG_WARN_RANGE_LOOP_ANALYSIS = YES;
				CLANG_WARN_STRICT_PROTOTYPES = YES;
				CLANG_WARN_SUSPICIOUS_MOVE = YES;
				CLANG_WARN_UNGUARDED_AVAILABILITY = YES_AGGRESSIVE;
				CLANG_WARN_UNREACHABLE_CODE = YES;
				CLANG_WARN__DUPLICATE_METHOD_MATCH = YES;
				COPY_PHASE_STRIP = NO;
				DEBUG_INFORMATION_FORMAT = "dwarf-with-dsym";
				ENABLE_NS_ASSERTIONS = NO;
				ENABLE_STRICT_OBJC_MSGSEND = YES;
				ENABLE_USER_SCRIPT_SANDBOXING = YES;
				GCC_C_LANGUAGE_STANDARD = gnu17;
				GCC_NO_COMMON_BLOCKS = YES;
				GCC_WARN_64_TO_32_BIT_CONVERSION = YES;
				GCC_WARN_ABOUT_RETURN_TYPE = YES_ERROR;
				GCC_WARN_UNDECLARED_SELECTOR = YES;
				GCC_WARN_UNINITIALIZED_AUTOS = YES_AGGRESSIVE;
				GCC_WARN_UNUSED_FUNCTION = YES;
				GCC_WARN_UNUSED_VARIABLE = YES;
				IPHONEOS_DEPLOYMENT_TARGET = 17.4;
				LOCALIZATION_PREFERS_STRING_CATALOGS = YES;
				MTL_ENABLE_DEBUG_INFO = NO;
				MTL_FAST_MATH = YES;
				SDKROOT = iphoneos;
				SWIFT_COMPILATION_MODE = wholemodule;
				VALIDATE_PRODUCT = YES;
			};
			name = Release;
		};
		D64FDC122C39F12300D54B06 /* Debug */ = {
			isa = XCBuildConfiguration;
			buildSettings = {
				ASSETCATALOG_COMPILER_APPICON_NAME = AppIcon;
				ASSETCATALOG_COMPILER_GLOBAL_ACCENT_COLOR_NAME = AccentColor;
				CODE_SIGN_STYLE = Automatic;
				CURRENT_PROJECT_VERSION = 1;
				DEVELOPMENT_TEAM = 92NUFAJ77D;
				GENERATE_INFOPLIST_FILE = YES;
				INFOPLIST_FILE = NTRIP/Info.plist;
				INFOPLIST_KEY_UIApplicationSupportsIndirectInputEvents = YES;
				INFOPLIST_KEY_UILaunchStoryboardName = LaunchScreen;
				INFOPLIST_KEY_UIMainStoryboardFile = "";
				INFOPLIST_KEY_UISupportedInterfaceOrientations_iPad = "UIInterfaceOrientationPortrait UIInterfaceOrientationPortraitUpsideDown UIInterfaceOrientationLandscapeLeft UIInterfaceOrientationLandscapeRight";
				INFOPLIST_KEY_UISupportedInterfaceOrientations_iPhone = "UIInterfaceOrientationPortrait UIInterfaceOrientationLandscapeLeft UIInterfaceOrientationLandscapeRight";
				LD_RUNPATH_SEARCH_PATHS = (
					"$(inherited)",
					"@executable_path/Frameworks",
				);
				MARKETING_VERSION = 1.0;
				PRODUCT_BUNDLE_IDENTIFIER = com.justinbegeman.NTRIP;
				PRODUCT_NAME = "$(TARGET_NAME)";
				SUPPORTED_PLATFORMS = "iphoneos iphonesimulator";
				SUPPORTS_MACCATALYST = NO;
				SUPPORTS_XR_DESIGNED_FOR_IPHONE_IPAD = NO;
				SWIFT_EMIT_LOC_STRINGS = YES;
				SWIFT_VERSION = 5.0;
				TARGETED_DEVICE_FAMILY = "1,2";
			};
			name = Debug;
		};
		D64FDC132C39F12300D54B06 /* Release */ = {
			isa = XCBuildConfiguration;
			buildSettings = {
				ASSETCATALOG_COMPILER_APPICON_NAME = AppIcon;
				ASSETCATALOG_COMPILER_GLOBAL_ACCENT_COLOR_NAME = AccentColor;
				CODE_SIGN_STYLE = Automatic;
				CURRENT_PROJECT_VERSION = 1;
				DEVELOPMENT_TEAM = 92NUFAJ77D;
				GENERATE_INFOPLIST_FILE = YES;
				INFOPLIST_FILE = NTRIP/Info.plist;
				INFOPLIST_KEY_UIApplicationSupportsIndirectInputEvents = YES;
				INFOPLIST_KEY_UILaunchStoryboardName = LaunchScreen;
				INFOPLIST_KEY_UIMainStoryboardFile = "";
				INFOPLIST_KEY_UISupportedInterfaceOrientations_iPad = "UIInterfaceOrientationPortrait UIInterfaceOrientationPortraitUpsideDown UIInterfaceOrientationLandscapeLeft UIInterfaceOrientationLandscapeRight";
				INFOPLIST_KEY_UISupportedInterfaceOrientations_iPhone = "UIInterfaceOrientationPortrait UIInterfaceOrientationLandscapeLeft UIInterfaceOrientationLandscapeRight";
				LD_RUNPATH_SEARCH_PATHS = (
					"$(inherited)",
					"@executable_path/Frameworks",
				);
				MARKETING_VERSION = 1.0;
				PRODUCT_BUNDLE_IDENTIFIER = com.justinbegeman.NTRIP;
				PRODUCT_NAME = "$(TARGET_NAME)";
				SUPPORTED_PLATFORMS = "iphoneos iphonesimulator";
				SUPPORTS_MACCATALYST = NO;
				SUPPORTS_XR_DESIGNED_FOR_IPHONE_IPAD = NO;
				SWIFT_EMIT_LOC_STRINGS = YES;
				SWIFT_VERSION = 5.0;
				TARGETED_DEVICE_FAMILY = "1,2";
			};
			name = Release;
		};
/* End XCBuildConfiguration section */

/* Begin XCConfigurationList section */
		D64FDBF82C39F12200D54B06 /* Build configuration list for PBXProject "NTRIP" */ = {
			isa = XCConfigurationList;
			buildConfigurations = (
				D64FDC0F2C39F12300D54B06 /* Debug */,
				D64FDC102C39F12300D54B06 /* Release */,
			);
			defaultConfigurationIsVisible = 0;
			defaultConfigurationName = Release;
		};
		D64FDC112C39F12300D54B06 /* Build configuration list for PBXNativeTarget "NTRIP" */ = {
			isa = XCConfigurationList;
			buildConfigurations = (
				D64FDC122C39F12300D54B06 /* Debug */,
				D64FDC132C39F12300D54B06 /* Release */,
			);
			defaultConfigurationIsVisible = 0;
			defaultConfigurationName = Release;
		};
/* End XCConfigurationList section */
	};
	rootObject = D64FDBF52C39F12200D54B06 /* Project object */;
}
